
Microsoft Visual Studio Solution File, Format Version 12.00
# Visual Studio Version 16
VisualStudioVersion = 16.0.32126.315
MinimumVisualStudioVersion = 10.0.40219.1
Project("{FAE04EC0-301F-11D3-BF4B-00C04F79EFBC}") = "NavegacionDemo.Android", "NavegacionDemo.Android\NavegacionDemo.Android.csproj", "{502600E6-A193-45C8-B97F-062F02140625}"
EndProject
Project("{FAE04EC0-301F-11D3-BF4B-00C04F79EFBC}") = "NavegacionDemo.iOS", "NavegacionDemo.iOS\NavegacionDemo.iOS.csproj", "{72CDC4C7-E02C-4024-9684-3796E844FEFF}"
EndProject
Project("{FAE04EC0-301F-11D3-BF4B-00C04F79EFBC}") = "NavegacionDemo", "NavegacionDemo\NavegacionDemo.csproj", "{E0F6AD24-6ECD-401C-90E5-3F174A8F21EC}"
EndProject
Global
	GlobalSection(SolutionConfigurationPlatforms) = preSolution
		Debug|Any CPU = Debug|Any CPU
		Debug|iPhone = Debug|iPhone
		Debug|iPhoneSimulator = Debug|iPhoneSimulator
		Release|Any CPU = Release|Any CPU
		Release|iPhone = Release|iPhone
		Release|iPhoneSimulator = Release|iPhoneSimulator
	EndGlobalSection
	GlobalSection(ProjectConfigurationPlatforms) = postSolution
		{502600E6-A193-45C8-B97F-062F02140625}.Debug|Any CPU.ActiveCfg = Debug|Any CPU
		{502600E6-A193-45C8-B97F-062F02140625}.Debug|Any CPU.Build.0 = Debug|Any CPU
		{502600E6-A193-45C8-B97F-062F02140625}.Debug|Any CPU.Deploy.0 = Debug|Any CPU
		{502600E6-A193-45C8-B97F-062F02140625}.Debug|iPhone.ActiveCfg = Debug|Any CPU
		{502600E6-A193-45C8-B97F-062F02140625}.Debug|iPhone.Build.0 = Debug|Any CPU
		{502600E6-A193-45C8-B97F-062F02140625}.Debug|iPhone.Deploy.0 = Debug|Any CPU
		{502600E6-A193-45C8-B97F-062F02140625}.Debug|iPhoneSimulator.ActiveCfg = Debug|Any CPU
		{502600E6-A193-45C8-B97F-062F02140625}.Debug|iPhoneSimulator.Build.0 = Debug|Any CPU
		{502600E6-A193-45C8-B97F-062F02140625}.Debug|iPhoneSimulator.Deploy.0 = Debug|Any CPU
		{502600E6-A193-45C8-B97F-062F02140625}.Release|Any CPU.ActiveCfg = Release|Any CPU
		{502600E6-A193-45C8-B97F-062F02140625}.Release|Any CPU.Build.0 = Release|Any CPU
		{502600E6-A193-45C8-B97F-062F02140625}.Release|Any CPU.Deploy.0 = Release|Any CPU
		{502600E6-A193-45C8-B97F-062F02140625}.Release|iPhone.ActiveCfg = Release|Any CPU
		{502600E6-A193-45C8-B97F-062F02140625}.Release|iPhone.Build.0 = Release|Any CPU
		{502600E6-A193-45C8-B97F-062F02140625}.Release|iPhone.Deploy.0 = Release|Any CPU
		{502600E6-A193-45C8-B97F-062F02140625}.Release|iPhoneSimulator.ActiveCfg = Release|Any CPU
		{502600E6-A193-45C8-B97F-062F02140625}.Release|iPhoneSimulator.Build.0 = Release|Any CPU
		{502600E6-A193-45C8-B97F-062F02140625}.Release|iPhoneSimulator.Deploy.0 = Release|Any CPU
		{72CDC4C7-E02C-4024-9684-3796E844FEFF}.Debug|Any CPU.ActiveCfg = Debug|iPhone
		{72CDC4C7-E02C-4024-9684-3796E844FEFF}.Debug|Any CPU.Build.0 = Debug|iPhone
		{72CDC4C7-E02C-4024-9684-3796E844FEFF}.Debug|Any CPU.Deploy.0 = Debug|iPhone
		{72CDC4C7-E02C-4024-9684-3796E844FEFF}.Debug|iPhone.ActiveCfg = Debug|iPhone
		{72CDC4C7-E02C-4024-9684-3796E844FEFF}.Debug|iPhone.Build.0 = Debug|iPhone
		{72CDC4C7-E02C-4024-9684-3796E844FEFF}.Debug|iPhone.Deploy.0 = Debug|iPhone
		{72CDC4C7-E02C-4024-9684-3796E844FEFF}.Debug|iPhoneSimulator.ActiveCfg = Debug|iPhoneSimulator
		{72CDC4C7-E02C-4024-9684-3796E844FEFF}.Debug|iPhoneSimulator.Build.0 = Debug|iPhoneSimulator
		{72CDC4C7-E02C-4024-9684-3796E844FEFF}.Debug|iPhoneSimulator.Deploy.0 = Debug|iPhoneSimulator
		{72CDC4C7-E02C-4024-9684-3796E844FEFF}.Release|Any CPU.ActiveCfg = Release|iPhoneSimulator
		{72CDC4C7-E02C-4024-9684-3796E844FEFF}.Release|Any CPU.Build.0 = Release|iPhoneSimulator
		{72CDC4C7-E02C-4024-9684-3796E844FEFF}.Release|Any CPU.Deploy.0 = Release|iPhoneSimulator
		{72CDC4C7-E02C-4024-9684-3796E844FEFF}.Release|iPhone.ActiveCfg = Release|iPhone
		{72CDC4C7-E02C-4024-9684-3796E844FEFF}.Release|iPhone.Build.0 = Release|iPhone
		{72CDC4C7-E02C-4024-9684-3796E844FEFF}.Release|iPhone.Deploy.0 = Release|iPhone
		{72CDC4C7-E02C-4024-9684-3796E844FEFF}.Release|iPhoneSimulator.ActiveCfg = Release|iPhoneSimulator
		{72CDC4C7-E02C-4024-9684-3796E844FEFF}.Release|iPhoneSimulator.Build.0 = Release|iPhoneSimulator
		{72CDC4C7-E02C-4024-9684-3796E844FEFF}.Release|iPhoneSimulator.Deploy.0 = Release|iPhoneSimulator
		{E0F6AD24-6ECD-401C-90E5-3F174A8F21EC}.Debug|Any CPU.ActiveCfg = Debug|Any CPU
		{E0F6AD24-6ECD-401C-90E5-3F174A8F21EC}.Debug|Any CPU.Build.0 = Debug|Any CPU
		{E0F6AD24-6ECD-401C-90E5-3F174A8F21EC}.Debug|Any CPU.Deploy.0 = Debug|Any CPU
		{E0F6AD24-6ECD-401C-90E5-3F174A8F21EC}.Debug|iPhone.ActiveCfg = Debug|Any CPU
		{E0F6AD24-6ECD-401C-90E5-3F174A8F21EC}.Debug|iPhone.Build.0 = Debug|Any CPU
		{E0F6AD24-6ECD-401C-90E5-3F174A8F21EC}.Debug|iPhone.Deploy.0 = Debug|Any CPU
		{E0F6AD24-6ECD-401C-90E5-3F174A8F21EC}.Debug|iPhoneSimulator.ActiveCfg = Debug|Any CPU
		{E0F6AD24-6ECD-401C-90E5-3F174A8F21EC}.Debug|iPhoneSimulator.Build.0 = Debug|Any CPU
		{E0F6AD24-6ECD-401C-90E5-3F174A8F21EC}.Debug|iPhoneSimulator.Deploy.0 = Debug|Any CPU
		{E0F6AD24-6ECD-401C-90E5-3F174A8F21EC}.Release|Any CPU.ActiveCfg = Release|Any CPU
		{E0F6AD24-6ECD-401C-90E5-3F174A8F21EC}.Release|Any CPU.Build.0 = Release|Any CPU
		{E0F6AD24-6ECD-401C-90E5-3F174A8F21EC}.Release|Any CPU.Deploy.0 = Release|Any CPU
		{E0F6AD24-6ECD-401C-90E5-3F174A8F21EC}.Release|iPhone.ActiveCfg = Release|Any CPU
		{E0F6AD24-6ECD-401C-90E5-3F174A8F21EC}.Release|iPhone.Build.0 = Release|Any CPU
		{E0F6AD24-6ECD-401C-90E5-3F174A8F21EC}.Release|iPhone.Deploy.0 = Release|Any CPU
		{E0F6AD24-6ECD-401C-90E5-3F174A8F21EC}.Release|iPhoneSimulator.ActiveCfg = Release|Any CPU
		{E0F6AD24-6ECD-401C-90E5-3F174A8F21EC}.Release|iPhoneSimulator.Build.0 = Release|Any CPU
		{E0F6AD24-6ECD-401C-90E5-3F174A8F21EC}.Release|iPhoneSimulator.Deploy.0 = Release|Any CPU
	EndGlobalSection
	GlobalSection(SolutionProperties) = preSolution
		HideSolutionNode = FALSE
	EndGlobalSection
	GlobalSection(ExtensibilityGlobals) = postSolution
		SolutionGuid = {C031F45B-A4B9-4C52-B17C-4C766D8C5758}
	EndGlobalSection
EndGlobal
